
Microsoft Visual Studio Solution File, Format Version 12.00
# Visual Studio Version 16
VisualStudioVersion = 16.0.31515.178
MinimumVisualStudioVersion = 10.0.40219.1
Project("{FAE04EC0-301F-11D3-BF4B-00C04F79EFBC}") = "DronesApp", "DronesApp\DronesApp.csproj", "{EAC7EC00-D96C-4553-B6F4-66E680CEEFD7}"
EndProject
Project("{FAE04EC0-301F-11D3-BF4B-00C04F79EFBC}") = "Drones", "Drones\Drones.csproj", "{01BAADB8-F290-4E22-83D3-31B4E8578F2D}"
EndProject
Project("{FAE04EC0-301F-11D3-BF4B-00C04F79EFBC}") = "Drones.Tests", "Drones.Tests\Drones.Tests.csproj", "{9CA8FD0E-1272-42CF-A7A3-1B35D0B94EF1}"
EndProject
Global
	GlobalSection(SolutionConfigurationPlatforms) = preSolution
		Debug|Any CPU = Debug|Any CPU
		Release|Any CPU = Release|Any CPU
	EndGlobalSection
	GlobalSection(ProjectConfigurationPlatforms) = postSolution
		{EAC7EC00-D96C-4553-B6F4-66E680CEEFD7}.Debug|Any CPU.ActiveCfg = Debug|Any CPU
		{EAC7EC00-D96C-4553-B6F4-66E680CEEFD7}.Debug|Any CPU.Build.0 = Debug|Any CPU
		{EAC7EC00-D96C-4553-B6F4-66E680CEEFD7}.Release|Any CPU.ActiveCfg = Release|Any CPU
		{EAC7EC00-D96C-4553-B6F4-66E680CEEFD7}.Release|Any CPU.Build.0 = Release|Any CPU
		{01BAADB8-F290-4E22-83D3-31B4E8578F2D}.Debug|Any CPU.ActiveCfg = Debug|Any CPU
		{01BAADB8-F290-4E22-83D3-31B4E8578F2D}.Debug|Any CPU.Build.0 = Debug|Any CPU
		{01BAADB8-F290-4E22-83D3-31B4E8578F2D}.Release|Any CPU.ActiveCfg = Release|Any CPU
		{01BAADB8-F290-4E22-83D3-31B4E8578F2D}.Release|Any CPU.Build.0 = Release|Any CPU
		{9CA8FD0E-1272-42CF-A7A3-1B35D0B94EF1}.Debug|Any CPU.ActiveCfg = Debug|Any CPU
		{9CA8FD0E-1272-42CF-A7A3-1B35D0B94EF1}.Debug|Any CPU.Build.0 = Debug|Any CPU
		{9CA8FD0E-1272-42CF-A7A3-1B35D0B94EF1}.Release|Any CPU.ActiveCfg = Release|Any CPU
		{9CA8FD0E-1272-42CF-A7A3-1B35D0B94EF1}.Release|Any CPU.Build.0 = Release|Any CPU
	EndGlobalSection
	GlobalSection(SolutionProperties) = preSolution
		HideSolutionNode = FALSE
	EndGlobalSection
	GlobalSection(ExtensibilityGlobals) = postSolution
		SolutionGuid = {1E0CB8E9-70DF-457E-8EDF-60C9C56F835C}
	EndGlobalSection
EndGlobal
